
Microsoft Visual Studio Solution File, Format Version 12.00
# Visual Studio Version 17
VisualStudioVersion = 17.11.35327.3
MinimumVisualStudioVersion = 10.0.40219.1
Project("{FAE04EC0-301F-11D3-BF4B-00C04F79EFBC}") = "recursividad", "recursividad.csproj", "{B75ABA51-7B8D-4627-8765-1917678073F6}"
EndProject
Global
	GlobalSection(SolutionConfigurationPlatforms) = preSolution
		Debug|Any CPU = Debug|Any CPU
		Release|Any CPU = Release|Any CPU
	EndGlobalSection
	GlobalSection(ProjectConfigurationPlatforms) = postSolution
		{B75ABA51-7B8D-4627-8765-1917678073F6}.Debug|Any CPU.ActiveCfg = Debug|Any CPU
		{B75ABA51-7B8D-4627-8765-1917678073F6}.Debug|Any CPU.Build.0 = Debug|Any CPU
		{B75ABA51-7B8D-4627-8765-1917678073F6}.Release|Any CPU.ActiveCfg = Release|Any CPU
		{B75ABA51-7B8D-4627-8765-1917678073F6}.Release|Any CPU.Build.0 = Release|Any CPU
	EndGlobalSection
	GlobalSection(SolutionProperties) = preSolution
		HideSolutionNode = FALSE
	EndGlobalSection
	GlobalSection(ExtensibilityGlobals) = postSolution
		SolutionGuid = {8E5F7F53-B5FB-45FA-9D46-30D1BE5648E8}
	EndGlobalSection
EndGlobal
